
Microsoft Visual Studio Solution File, Format Version 12.00
# Visual Studio Version 16
VisualStudioVersion = 16.0.29728.190
MinimumVisualStudioVersion = 10.0.40219.1
Project("{FAE04EC0-301F-11D3-BF4B-00C04F79EFBC}") = "TinyCrmApi", "TinyCrmApi.csproj", "{949E88D3-CADD-4116-9466-499911BDBC76}"
EndProject
Global
	GlobalSection(SolutionConfigurationPlatforms) = preSolution
		Debug|Any CPU = Debug|Any CPU
		Release|Any CPU = Release|Any CPU
	EndGlobalSection
	GlobalSection(ProjectConfigurationPlatforms) = postSolution
		{949E88D3-CADD-4116-9466-499911BDBC76}.Debug|Any CPU.ActiveCfg = Debug|Any CPU
		{949E88D3-CADD-4116-9466-499911BDBC76}.Debug|Any CPU.Build.0 = Debug|Any CPU
		{949E88D3-CADD-4116-9466-499911BDBC76}.Release|Any CPU.ActiveCfg = Release|Any CPU
		{949E88D3-CADD-4116-9466-499911BDBC76}.Release|Any CPU.Build.0 = Release|Any CPU
	EndGlobalSection
	GlobalSection(SolutionProperties) = preSolution
		HideSolutionNode = FALSE
	EndGlobalSection
	GlobalSection(ExtensibilityGlobals) = postSolution
		SolutionGuid = {F9A5B34D-947F-4A34-BD85-B2A3A1131C7B}
	EndGlobalSection
EndGlobal
